
Microsoft Visual Studio Solution File, Format Version 12.00
# Visual Studio Version 17
VisualStudioVersion = 17.5.33627.172
MinimumVisualStudioVersion = 10.0.40219.1
Project("{FAE04EC0-301F-11D3-BF4B-00C04F79EFBC}") = "FlorescerAPI", "FlorescerAPI.csproj", "{8ED689F1-DBA4-421F-A681-184E1DB3D5FE}"
EndProject
Global
	GlobalSection(SolutionConfigurationPlatforms) = preSolution
		Debug|Any CPU = Debug|Any CPU
		Release|Any CPU = Release|Any CPU
	EndGlobalSection
	GlobalSection(ProjectConfigurationPlatforms) = postSolution
		{8ED689F1-DBA4-421F-A681-184E1DB3D5FE}.Debug|Any CPU.ActiveCfg = Debug|Any CPU
		{8ED689F1-DBA4-421F-A681-184E1DB3D5FE}.Debug|Any CPU.Build.0 = Debug|Any CPU
		{8ED689F1-DBA4-421F-A681-184E1DB3D5FE}.Release|Any CPU.ActiveCfg = Release|Any CPU
		{8ED689F1-DBA4-421F-A681-184E1DB3D5FE}.Release|Any CPU.Build.0 = Release|Any CPU
	EndGlobalSection
	GlobalSection(SolutionProperties) = preSolution
		HideSolutionNode = FALSE
	EndGlobalSection
	GlobalSection(ExtensibilityGlobals) = postSolution
		SolutionGuid = {16E06F84-6E9B-4133-A93A-EAB3D5C2FEAB}
	EndGlobalSection
EndGlobal
